Microsoft Visual Studio Solution File, Format Version 12.00
# Visual Studio Version 17
VisualStudioVersion = 17.5.2.0
MinimumVisualStudioVersion = 10.0.40219.1
Project("{FAE04EC0-301F-11D3-BF4B-00C04F79EFBC}") = "E-Commerce-Backend", "E-Commerce-Backend\E-Commerce-Backend.csproj", "{3D361CD4-D1E2-50C0-A63A-6F5485899BAD}"
EndProject
Project("{FAE04EC0-301F-11D3-BF4B-00C04F79EFBC}") = "E-Commerce-Backend.Tests", "E-Commerce-Backend.Tests\E-Commerce-Backend.Tests.csproj", "{A6DE1F6D-6864-455D-9B98-65A0AE8EEB96}"
EndProject
Global
	GlobalSection(SolutionConfigurationPlatforms) = preSolution
		Debug|Any CPU = Debug|Any CPU
		Release|Any CPU = Release|Any CPU
	EndGlobalSection
	GlobalSection(ProjectConfigurationPlatforms) = postSolution
		{3D361CD4-D1E2-50C0-A63A-6F5485899BAD}.Debug|Any CPU.ActiveCfg = Debug|Any CPU
		{3D361CD4-D1E2-50C0-A63A-6F5485899BAD}.Debug|Any CPU.Build.0 = Debug|Any CPU
		{3D361CD4-D1E2-50C0-A63A-6F5485899BAD}.Release|Any CPU.ActiveCfg = Release|Any CPU
		{3D361CD4-D1E2-50C0-A63A-6F5485899BAD}.Release|Any CPU.Build.0 = Release|Any CPU
		{A6DE1F6D-6864-455D-9B98-65A0AE8EEB96}.Debug|Any CPU.ActiveCfg = Debug|Any CPU
		{A6DE1F6D-6864-455D-9B98-65A0AE8EEB96}.Debug|Any CPU.Build.0 = Debug|Any CPU
		{A6DE1F6D-6864-455D-9B98-65A0AE8EEB96}.Release|Any CPU.ActiveCfg = Release|Any CPU
		{A6DE1F6D-6864-455D-9B98-65A0AE8EEB96}.Release|Any CPU.Build.0 = Release|Any CPU
	EndGlobalSection
	GlobalSection(SolutionProperties) = preSolution
		HideSolutionNode = FALSE
	EndGlobalSection
	GlobalSection(ExtensibilityGlobals) = postSolution
		SolutionGuid = {67F53AB3-636B-485D-9819-D84ACD046669}
	EndGlobalSection
EndGlobal
